
Microsoft Visual Studio Solution File, Format Version 12.00
# Visual Studio Version 17
VisualStudioVersion = 17.7.34003.232
MinimumVisualStudioVersion = 10.0.40219.1
Project("{FAE04EC0-301F-11D3-BF4B-00C04F79EFBC}") = "Dictionaries_Jackson_Lydia", "Dictionaries_Jackson_Lydia.csproj", "{D997080D-2D4B-48C2-9CCD-5F9931C4D3BB}"
EndProject
Global
	GlobalSection(SolutionConfigurationPlatforms) = preSolution
		Debug|Any CPU = Debug|Any CPU
		Release|Any CPU = Release|Any CPU
	EndGlobalSection
	GlobalSection(ProjectConfigurationPlatforms) = postSolution
		{D997080D-2D4B-48C2-9CCD-5F9931C4D3BB}.Debug|Any CPU.ActiveCfg = Debug|Any CPU
		{D997080D-2D4B-48C2-9CCD-5F9931C4D3BB}.Debug|Any CPU.Build.0 = Debug|Any CPU
		{D997080D-2D4B-48C2-9CCD-5F9931C4D3BB}.Release|Any CPU.ActiveCfg = Release|Any CPU
		{D997080D-2D4B-48C2-9CCD-5F9931C4D3BB}.Release|Any CPU.Build.0 = Release|Any CPU
	EndGlobalSection
	GlobalSection(SolutionProperties) = preSolution
		HideSolutionNode = FALSE
	EndGlobalSection
	GlobalSection(ExtensibilityGlobals) = postSolution
		SolutionGuid = {960CD20C-BEB7-49F5-953C-8F837B5FCF74}
	EndGlobalSection
EndGlobal
